
Microsoft Visual Studio Solution File, Format Version 12.00
# Visual Studio Version 17
VisualStudioVersion = 17.14.36414.22
MinimumVisualStudioVersion = 10.0.40219.1
Project("{2150E333-8FDC-42A3-9474-1A3956D46DE8}") = "Api", "Api", "{02EA681E-C7D8-13C7-8484-4AC65E1B71E8}"
EndProject
Project("{FAE04EC0-301F-11D3-BF4B-00C04F79EFBC}") = "Gestao.Cadastro.Digital.Api", "Gestao.Cadastro.Digital.Api\Gestao.Cadastro.Digital.Api.csproj", "{9CE9216F-DE98-4F32-9AB2-B7124B680DA1}"
EndProject
Project("{2150E333-8FDC-42A3-9474-1A3956D46DE8}") = "Domain", "Domain", "{0F541414-7951-4374-B926-A6C65331CBA0}"
EndProject
Project("{FAE04EC0-301F-11D3-BF4B-00C04F79EFBC}") = "Gestao.Cadastro.Digital.Domain", "Gestao.Cadastro.Digital.Domain\Gestao.Cadastro.Digital.Domain.csproj", "{8FBEB5DD-5E81-4741-AA83-6337A6351584}"
EndProject
Project("{2150E333-8FDC-42A3-9474-1A3956D46DE8}") = "Application", "Application", "{FD058A35-8B04-4A08-9EFA-B1BE15FD84D8}"
EndProject
Project("{FAE04EC0-301F-11D3-BF4B-00C04F79EFBC}") = "Gestao.Cadastro.Digital.Application", "Gestao.Cadastro.Digital.Application\Gestao.Cadastro.Digital.Application.csproj", "{25F59E4E-36B3-4E81-A186-12785E42C06D}"
EndProject
Project("{2150E333-8FDC-42A3-9474-1A3956D46DE8}") = "Infrastructure", "Infrastructure", "{0D0AA723-A4D3-455C-9F5F-77E4C8B67CCF}"
EndProject
Project("{FAE04EC0-301F-11D3-BF4B-00C04F79EFBC}") = "Gestao.Cadastro.Digital.Infra.Sql", "Gestao.Cadastro.Digital.Infra.Sql\Gestao.Cadastro.Digital.Infra.Sql.csproj", "{3B8CBC9E-AEBB-476C-B621-1D78DC7C57CF}"
EndProject
Project("{2150E333-8FDC-42A3-9474-1A3956D46DE8}") = "Worker", "Worker", "{DC17D405-BC7C-4910-8774-15B968AC584C}"
EndProject
Project("{2150E333-8FDC-42A3-9474-1A3956D46DE8}") = "CrossCutting", "CrossCutting", "{E2612C6A-010F-4EE6-ACC8-B0953768E850}"
EndProject
Project("{FAE04EC0-301F-11D3-BF4B-00C04F79EFBC}") = "Gestao.Cadastro.Digital.CrossCutting", "Gestao.Cadastro.Digital.CrossCutting\Gestao.Cadastro.Digital.CrossCutting.csproj", "{5FEA2B8E-34EE-4044-B8C1-5A307516282F}"
EndProject
Project("{FAE04EC0-301F-11D3-BF4B-00C04F79EFBC}") = "Gestao.Cadastro.Digital.Infra.MongoDb", "Gestao.Cadastro.Digital.Infra.MongoDb\Gestao.Cadastro.Digital.Infra.MongoDb.csproj", "{11190506-2AF5-4DF8-B7C0-862CB218C54E}"
EndProject
Project("{FAE04EC0-301F-11D3-BF4B-00C04F79EFBC}") = "Gestao.Cadastro.Digital.Worker.Auditoria", "Gestao.Cadastro.Digital.Worker.Auditoria\Gestao.Cadastro.Digital.Worker.Auditoria.csproj", "{88FCEA1F-6CC1-4381-B40E-5E01CAAB6FA9}"
EndProject
Global
	GlobalSection(SolutionConfigurationPlatforms) = preSolution
		Debug|Any CPU = Debug|Any CPU
		Release|Any CPU = Release|Any CPU
	EndGlobalSection
	GlobalSection(ProjectConfigurationPlatforms) = postSolution
		{9CE9216F-DE98-4F32-9AB2-B7124B680DA1}.Debug|Any CPU.ActiveCfg = Debug|Any CPU
		{9CE9216F-DE98-4F32-9AB2-B7124B680DA1}.Debug|Any CPU.Build.0 = Debug|Any CPU
		{9CE9216F-DE98-4F32-9AB2-B7124B680DA1}.Release|Any CPU.ActiveCfg = Release|Any CPU
		{9CE9216F-DE98-4F32-9AB2-B7124B680DA1}.Release|Any CPU.Build.0 = Release|Any CPU
		{8FBEB5DD-5E81-4741-AA83-6337A6351584}.Debug|Any CPU.ActiveCfg = Debug|Any CPU
		{8FBEB5DD-5E81-4741-AA83-6337A6351584}.Debug|Any CPU.Build.0 = Debug|Any CPU
		{8FBEB5DD-5E81-4741-AA83-6337A6351584}.Release|Any CPU.ActiveCfg = Release|Any CPU
		{8FBEB5DD-5E81-4741-AA83-6337A6351584}.Release|Any CPU.Build.0 = Release|Any CPU
		{25F59E4E-36B3-4E81-A186-12785E42C06D}.Debug|Any CPU.ActiveCfg = Debug|Any CPU
		{25F59E4E-36B3-4E81-A186-12785E42C06D}.Debug|Any CPU.Build.0 = Debug|Any CPU
		{25F59E4E-36B3-4E81-A186-12785E42C06D}.Release|Any CPU.ActiveCfg = Release|Any CPU
		{25F59E4E-36B3-4E81-A186-12785E42C06D}.Release|Any CPU.Build.0 = Release|Any CPU
		{3B8CBC9E-AEBB-476C-B621-1D78DC7C57CF}.Debug|Any CPU.ActiveCfg = Debug|Any CPU
		{3B8CBC9E-AEBB-476C-B621-1D78DC7C57CF}.Debug|Any CPU.Build.0 = Debug|Any CPU
		{3B8CBC9E-AEBB-476C-B621-1D78DC7C57CF}.Release|Any CPU.ActiveCfg = Release|Any CPU
		{3B8CBC9E-AEBB-476C-B621-1D78DC7C57CF}.Release|Any CPU.Build.0 = Release|Any CPU
		{5FEA2B8E-34EE-4044-B8C1-5A307516282F}.Debug|Any CPU.ActiveCfg = Debug|Any CPU
		{5FEA2B8E-34EE-4044-B8C1-5A307516282F}.Debug|Any CPU.Build.0 = Debug|Any CPU
		{5FEA2B8E-34EE-4044-B8C1-5A307516282F}.Release|Any CPU.ActiveCfg = Release|Any CPU
		{5FEA2B8E-34EE-4044-B8C1-5A307516282F}.Release|Any CPU.Build.0 = Release|Any CPU
		{11190506-2AF5-4DF8-B7C0-862CB218C54E}.Debug|Any CPU.ActiveCfg = Debug|Any CPU
		{11190506-2AF5-4DF8-B7C0-862CB218C54E}.Debug|Any CPU.Build.0 = Debug|Any CPU
		{11190506-2AF5-4DF8-B7C0-862CB218C54E}.Release|Any CPU.ActiveCfg = Release|Any CPU
		{11190506-2AF5-4DF8-B7C0-862CB218C54E}.Release|Any CPU.Build.0 = Release|Any CPU
		{88FCEA1F-6CC1-4381-B40E-5E01CAAB6FA9}.Debug|Any CPU.ActiveCfg = Debug|Any CPU
		{88FCEA1F-6CC1-4381-B40E-5E01CAAB6FA9}.Debug|Any CPU.Build.0 = Debug|Any CPU
		{88FCEA1F-6CC1-4381-B40E-5E01CAAB6FA9}.Release|Any CPU.ActiveCfg = Release|Any CPU
		{88FCEA1F-6CC1-4381-B40E-5E01CAAB6FA9}.Release|Any CPU.Build.0 = Release|Any CPU
	EndGlobalSection
	GlobalSection(SolutionProperties) = preSolution
		HideSolutionNode = FALSE
	EndGlobalSection
	GlobalSection(NestedProjects) = preSolution
		{9CE9216F-DE98-4F32-9AB2-B7124B680DA1} = {02EA681E-C7D8-13C7-8484-4AC65E1B71E8}
		{8FBEB5DD-5E81-4741-AA83-6337A6351584} = {0F541414-7951-4374-B926-A6C65331CBA0}
		{25F59E4E-36B3-4E81-A186-12785E42C06D} = {FD058A35-8B04-4A08-9EFA-B1BE15FD84D8}
		{3B8CBC9E-AEBB-476C-B621-1D78DC7C57CF} = {0D0AA723-A4D3-455C-9F5F-77E4C8B67CCF}
		{5FEA2B8E-34EE-4044-B8C1-5A307516282F} = {E2612C6A-010F-4EE6-ACC8-B0953768E850}
		{11190506-2AF5-4DF8-B7C0-862CB218C54E} = {0D0AA723-A4D3-455C-9F5F-77E4C8B67CCF}
		{88FCEA1F-6CC1-4381-B40E-5E01CAAB6FA9} = {DC17D405-BC7C-4910-8774-15B968AC584C}
	EndGlobalSection
	GlobalSection(ExtensibilityGlobals) = postSolution
		SolutionGuid = {70E7041E-41CD-4291-86A0-9773176F1095}
	EndGlobalSection
EndGlobal
